
Microsoft Visual Studio Solution File, Format Version 12.00
# Visual Studio Version 17
VisualStudioVersion = 17.3.32929.385
MinimumVisualStudioVersion = 10.0.40219.1
Project("{FAE04EC0-301F-11D3-BF4B-00C04F79EFBC}") = "s2-banksorter", "s2-banksorter\s2-banksorter.csproj", "{42470306-D7A0-4B34-BFAF-516C155E3D70}"
EndProject
Global
	GlobalSection(SolutionConfigurationPlatforms) = preSolution
		Debug|Any CPU = Debug|Any CPU
		Release|Any CPU = Release|Any CPU
	EndGlobalSection
	GlobalSection(ProjectConfigurationPlatforms) = postSolution
		{42470306-D7A0-4B34-BFAF-516C155E3D70}.Debug|Any CPU.ActiveCfg = Debug|Any CPU
		{42470306-D7A0-4B34-BFAF-516C155E3D70}.Debug|Any CPU.Build.0 = Debug|Any CPU
		{42470306-D7A0-4B34-BFAF-516C155E3D70}.Release|Any CPU.ActiveCfg = Release|Any CPU
		{42470306-D7A0-4B34-BFAF-516C155E3D70}.Release|Any CPU.Build.0 = Release|Any CPU
	EndGlobalSection
	GlobalSection(SolutionProperties) = preSolution
		HideSolutionNode = FALSE
	EndGlobalSection
	GlobalSection(ExtensibilityGlobals) = postSolution
		SolutionGuid = {0F677041-4668-4CE7-9E69-3E736791B732}
	EndGlobalSection
EndGlobal
